# This file is automatically @generated by Wally.
# It is not intended for manual editing.
registry = "test"

[[package]]
name = "blinkybool/feather"
version = "0.1.0"
dependencies = []

[[package]]
name = "blinkybool/testpackage"
version = "0.1.3-rc.5"
dependencies = [["Feather", "blinkybool/feather@0.1.0"], ["GoodSignal", "stravant/goodsignal@0.2.1"], ["Promise", "evaera/promise@4.0.0"], ["Roact", "roblox/roact@1.4.4"], ["Sift", "csqrl/sift@0.0.4"]]

[[package]]
name = "csqrl/sift"
version = "0.0.4"
dependencies = []

[[package]]
name = "evaera/promise"
version = "4.0.0"
dependencies = []

[[package]]
name = "roblox/roact"
version = "1.4.4"
dependencies = []

[[package]]
name = "stravant/goodsignal"
version = "0.2.1"
dependencies = []
